// !$*UTF8*$!
{
	archiveVersion = 1;
	classes = {
	};
	objectVersion = 51;
	objects = {

/* Begin PBXBuildFile section */
		3C1608ACE370F1305FB7286D /* Pods_RevoUIComponentsTests.framework in Frameworks */ = {isa = PBXBuildFile; fileRef = 9361B93501F2F40365BA4957 /* Pods_RevoUIComponentsTests.framework */; };
		76C07EE82360D82B00D59DF6 /* PinView.swift in Sources */ = {isa = PBXBuildFile; fileRef = 76C07EE72360D82B00D59DF6 /* PinView.swift */; };
		76C07EEA2366341800D59DF6 /* ContentStatus.swift in Sources */ = {isa = PBXBuildFile; fileRef = 76C07EE92366341800D59DF6 /* ContentStatus.swift */; };
		76C07EEE23683CBA00D59DF6 /* UIColorExtension.swift in Sources */ = {isa = PBXBuildFile; fileRef = 76C07EED23683CBA00D59DF6 /* UIColorExtension.swift */; };
		8D9F0D702358C39D009CF3D2 /* AppDelegate.swift in Sources */ = {isa = PBXBuildFile; fileRef = 8D9F0D6F2358C39D009CF3D2 /* AppDelegate.swift */; };
		8D9F0D722358C39D009CF3D2 /* SceneDelegate.swift in Sources */ = {isa = PBXBuildFile; fileRef = 8D9F0D712358C39D009CF3D2 /* SceneDelegate.swift */; };
		8D9F0D742358C39D009CF3D2 /* ViewController.swift in Sources */ = {isa = PBXBuildFile; fileRef = 8D9F0D732358C39D009CF3D2 /* ViewController.swift */; };
		8D9F0D772358C39D009CF3D2 /* Main.storyboard in Resources */ = {isa = PBXBuildFile; fileRef = 8D9F0D752358C39D009CF3D2 /* Main.storyboard */; };
		8D9F0D792358C3A0009CF3D2 /* Assets.xcassets in Resources */ = {isa = PBXBuildFile; fileRef = 8D9F0D782358C3A0009CF3D2 /* Assets.xcassets */; };
		8D9F0D7C2358C3A0009CF3D2 /* LaunchScreen.storyboard in Resources */ = {isa = PBXBuildFile; fileRef = 8D9F0D7A2358C3A0009CF3D2 /* LaunchScreen.storyboard */; };
		8D9F0D872358C3A0009CF3D2 /* RevoUIComponentsTests.swift in Sources */ = {isa = PBXBuildFile; fileRef = 8D9F0D862358C3A0009CF3D2 /* RevoUIComponentsTests.swift */; };
		8D9F0D932358C3BA009CF3D2 /* AsyncButton.swift in Sources */ = {isa = PBXBuildFile; fileRef = 8D9F0D922358C3BA009CF3D2 /* AsyncButton.swift */; };
		8D9F0D952358C4F5009CF3D2 /* CircularProgress.swift in Sources */ = {isa = PBXBuildFile; fileRef = 8D9F0D942358C4F5009CF3D2 /* CircularProgress.swift */; };
		8D9F0D992358D6AC009CF3D2 /* PinViewController.swift in Sources */ = {isa = PBXBuildFile; fileRef = 8D9F0D982358D6AC009CF3D2 /* PinViewController.swift */; };
		8DCE0CC4235C6E220044EBA8 /* UIViewConstraints.swift in Sources */ = {isa = PBXBuildFile; fileRef = 8DCE0CC3235C6E220044EBA8 /* UIViewConstraints.swift */; };
		8DCE0CC7235F399D0044EBA8 /* Toast.swift in Sources */ = {isa = PBXBuildFile; fileRef = 8DCE0CC6235F399D0044EBA8 /* Toast.swift */; };
		C6B5A1A21A70A314B0152946 /* Pods_RevoUIComponents.framework in Frameworks */ = {isa = PBXBuildFile; fileRef = 4AF99C18F735E177CADFEB42 /* Pods_RevoUIComponents.framework */; };
/* End PBXBuildFile section */

/* Begin PBXContainerItemProxy section */
		8D9F0D832358C3A0009CF3D2 /* PBXContainerItemProxy */ = {
			isa = PBXContainerItemProxy;
			containerPortal = 8D9F0D642358C39D009CF3D2 /* Project object */;
			proxyType = 1;
			remoteGlobalIDString = 8D9F0D6B2358C39D009CF3D2;
			remoteInfo = RevoUIComponents;
		};
/* End PBXContainerItemProxy section */

/* Begin PBXFileReference section */
		4AF99C18F735E177CADFEB42 /* Pods_RevoUIComponents.framework */ = {isa = PBXFileReference; explicitFileType = wrapper.framework; includeInIndex = 0; path = Pods_RevoUIComponents.framework; sourceTree = BUILT_PRODUCTS_DIR; };
		540B36196511EEB9EAC42238 /* Pods-RevoUIComponents.release.xcconfig */ = {isa = PBXFileReference; includeInIndex = 1; lastKnownFileType = text.xcconfig; name = "Pods-RevoUIComponents.release.xcconfig"; path = "Target Support Files/Pods-RevoUIComponents/Pods-RevoUIComponents.release.xcconfig"; sourceTree = "<group>"; };
		76C07EE72360D82B00D59DF6 /* PinView.swift */ = {isa = PBXFileReference; lastKnownFileType = sourcecode.swift; path = PinView.swift; sourceTree = "<group>"; };
		76C07EE92366341800D59DF6 /* ContentStatus.swift */ = {isa = PBXFileReference; lastKnownFileType = sourcecode.swift; path = ContentStatus.swift; sourceTree = "<group>"; };
		76C07EED23683CBA00D59DF6 /* UIColorExtension.swift */ = {isa = PBXFileReference; lastKnownFileType = sourcecode.swift; path = UIColorExtension.swift; sourceTree = "<group>"; };
		8D9F0D6C2358C39D009CF3D2 /* RevoUIComponents.app */ = {isa = PBXFileReference; explicitFileType = wrapper.application; includeInIndex = 0; path = RevoUIComponents.app; sourceTree = BUILT_PRODUCTS_DIR; };
		8D9F0D6F2358C39D009CF3D2 /* AppDelegate.swift */ = {isa = PBXFileReference; lastKnownFileType = sourcecode.swift; path = AppDelegate.swift; sourceTree = "<group>"; };
		8D9F0D712358C39D009CF3D2 /* SceneDelegate.swift */ = {isa = PBXFileReference; lastKnownFileType = sourcecode.swift; path = SceneDelegate.swift; sourceTree = "<group>"; };
		8D9F0D732358C39D009CF3D2 /* ViewController.swift */ = {isa = PBXFileReference; lastKnownFileType = sourcecode.swift; path = ViewController.swift; sourceTree = "<group>"; };
		8D9F0D762358C39D009CF3D2 /* Base */ = {isa = PBXFileReference; lastKnownFileType = file.storyboard; name = Base; path = Base.lproj/Main.storyboard; sourceTree = "<group>"; };
		8D9F0D782358C3A0009CF3D2 /* Assets.xcassets */ = {isa = PBXFileReference; lastKnownFileType = folder.assetcatalog; path = Assets.xcassets; sourceTree = "<group>"; };
		8D9F0D7B2358C3A0009CF3D2 /* Base */ = {isa = PBXFileReference; lastKnownFileType = file.storyboard; name = Base; path = Base.lproj/LaunchScreen.storyboard; sourceTree = "<group>"; };
		8D9F0D7D2358C3A0009CF3D2 /* Info.plist */ = {isa = PBXFileReference; lastKnownFileType = text.plist.xml; path = Info.plist; sourceTree = "<group>"; };
		8D9F0D822358C3A0009CF3D2 /* RevoUIComponentsTests.xctest */ = {isa = PBXFileReference; explicitFileType = wrapper.cfbundle; includeInIndex = 0; path = RevoUIComponentsTests.xctest; sourceTree = BUILT_PRODUCTS_DIR; };
		8D9F0D862358C3A0009CF3D2 /* RevoUIComponentsTests.swift */ = {isa = PBXFileReference; lastKnownFileType = sourcecode.swift; path = RevoUIComponentsTests.swift; sourceTree = "<group>"; };
		8D9F0D882358C3A0009CF3D2 /* Info.plist */ = {isa = PBXFileReference; lastKnownFileType = text.plist.xml; path = Info.plist; sourceTree = "<group>"; };
		8D9F0D922358C3BA009CF3D2 /* AsyncButton.swift */ = {isa = PBXFileReference; lastKnownFileType = sourcecode.swift; path = AsyncButton.swift; sourceTree = "<group>"; };
		8D9F0D942358C4F5009CF3D2 /* CircularProgress.swift */ = {isa = PBXFileReference; lastKnownFileType = sourcecode.swift; path = CircularProgress.swift; sourceTree = "<group>"; };
		8D9F0D982358D6AC009CF3D2 /* PinViewController.swift */ = {isa = PBXFileReference; lastKnownFileType = sourcecode.swift; path = PinViewController.swift; sourceTree = "<group>"; };
		8DCE0CC3235C6E220044EBA8 /* UIViewConstraints.swift */ = {isa = PBXFileReference; lastKnownFileType = sourcecode.swift; path = UIViewConstraints.swift; sourceTree = "<group>"; };
		8DCE0CC6235F399D0044EBA8 /* Toast.swift */ = {isa = PBXFileReference; lastKnownFileType = sourcecode.swift; path = Toast.swift; sourceTree = "<group>"; };
		9361B93501F2F40365BA4957 /* Pods_RevoUIComponentsTests.framework */ = {isa = PBXFileReference; explicitFileType = wrapper.framework; includeInIndex = 0; path = Pods_RevoUIComponentsTests.framework; sourceTree = BUILT_PRODUCTS_DIR; };
		C51659EAE901648BDB812980 /* Pods-RevoUIComponentsTests.release.xcconfig */ = {isa = PBXFileReference; includeInIndex = 1; lastKnownFileType = text.xcconfig; name = "Pods-RevoUIComponentsTests.release.xcconfig"; path = "Target Support Files/Pods-RevoUIComponentsTests/Pods-RevoUIComponentsTests.release.xcconfig"; sourceTree = "<group>"; };
		D577B97B44A8C400B4E69387 /* Pods-RevoUIComponentsTests.debug.xcconfig */ = {isa = PBXFileReference; includeInIndex = 1; lastKnownFileType = text.xcconfig; name = "Pods-RevoUIComponentsTests.debug.xcconfig"; path = "Target Support Files/Pods-RevoUIComponentsTests/Pods-RevoUIComponentsTests.debug.xcconfig"; sourceTree = "<group>"; };
		E2DC0D9AE9E5E3E488C9A3D2 /* Pods-RevoUIComponents.debug.xcconfig */ = {isa = PBXFileReference; includeInIndex = 1; lastKnownFileType = text.xcconfig; name = "Pods-RevoUIComponents.debug.xcconfig"; path = "Target Support Files/Pods-RevoUIComponents/Pods-RevoUIComponents.debug.xcconfig"; sourceTree = "<group>"; };
/* End PBXFileReference section */

/* Begin PBXFrameworksBuildPhase section */
		8D9F0D692358C39D009CF3D2 /* Frameworks */ = {
			isa = PBXFrameworksBuildPhase;
			buildActionMask = 2147483647;
			files = (
				C6B5A1A21A70A314B0152946 /* Pods_RevoUIComponents.framework in Frameworks */,
			);
			runOnlyForDeploymentPostprocessing = 0;
		};
		8D9F0D7F2358C3A0009CF3D2 /* Frameworks */ = {
			isa = PBXFrameworksBuildPhase;
			buildActionMask = 2147483647;
			files = (
				3C1608ACE370F1305FB7286D /* Pods_RevoUIComponentsTests.framework in Frameworks */,
			);
			runOnlyForDeploymentPostprocessing = 0;
		};
/* End PBXFrameworksBuildPhase section */

/* Begin PBXGroup section */
		76C07EE62360D81900D59DF6 /* Pin */ = {
			isa = PBXGroup;
			children = (
				8D9F0D982358D6AC009CF3D2 /* PinViewController.swift */,
				76C07EE72360D82B00D59DF6 /* PinView.swift */,
			);
			path = Pin;
			sourceTree = "<group>";
		};
		8D9F0D632358C39D009CF3D2 = {
			isa = PBXGroup;
			children = (
				8D9F0D6E2358C39D009CF3D2 /* RevoUIComponents */,
				8D9F0D852358C3A0009CF3D2 /* RevoUIComponentsTests */,
				8D9F0D6D2358C39D009CF3D2 /* Products */,
				B52620FBF8201D6AFC1EFEDD /* Pods */,
				A058C01AEC9ECD7428ABA596 /* Frameworks */,
			);
			sourceTree = "<group>";
		};
		8D9F0D6D2358C39D009CF3D2 /* Products */ = {
			isa = PBXGroup;
			children = (
				8D9F0D6C2358C39D009CF3D2 /* RevoUIComponents.app */,
				8D9F0D822358C3A0009CF3D2 /* RevoUIComponentsTests.xctest */,
			);
			name = Products;
			sourceTree = "<group>";
		};
		8D9F0D6E2358C39D009CF3D2 /* RevoUIComponents */ = {
			isa = PBXGroup;
			children = (
				8D9F0D912358C3A9009CF3D2 /* src */,
				8D9F0D6F2358C39D009CF3D2 /* AppDelegate.swift */,
				8D9F0D712358C39D009CF3D2 /* SceneDelegate.swift */,
				8D9F0D732358C39D009CF3D2 /* ViewController.swift */,
				8D9F0D752358C39D009CF3D2 /* Main.storyboard */,
				8D9F0D782358C3A0009CF3D2 /* Assets.xcassets */,
				8D9F0D7A2358C3A0009CF3D2 /* LaunchScreen.storyboard */,
				8D9F0D7D2358C3A0009CF3D2 /* Info.plist */,
			);
			path = RevoUIComponents;
			sourceTree = "<group>";
		};
		8D9F0D852358C3A0009CF3D2 /* RevoUIComponentsTests */ = {
			isa = PBXGroup;
			children = (
				8D9F0D862358C3A0009CF3D2 /* RevoUIComponentsTests.swift */,
				8D9F0D882358C3A0009CF3D2 /* Info.plist */,
			);
			path = RevoUIComponentsTests;
			sourceTree = "<group>";
		};
		8D9F0D912358C3A9009CF3D2 /* src */ = {
			isa = PBXGroup;
			children = (
				8DCE0CC5235F39930044EBA8 /* Components */,
				8DCE0CC2235C6E110044EBA8 /* Extensions */,
				8D9F0D972358D6A0009CF3D2 /* Controllers */,
				8D9F0D962358D697009CF3D2 /* Views */,
			);
			path = src;
			sourceTree = "<group>";
		};
		8D9F0D962358D697009CF3D2 /* Views */ = {
			isa = PBXGroup;
			children = (
				8D9F0D922358C3BA009CF3D2 /* AsyncButton.swift */,
				8D9F0D942358C4F5009CF3D2 /* CircularProgress.swift */,
			);
			path = Views;
			sourceTree = "<group>";
		};
		8D9F0D972358D6A0009CF3D2 /* Controllers */ = {
			isa = PBXGroup;
			children = (
			);
			path = Controllers;
			sourceTree = "<group>";
		};
		8DCE0CC2235C6E110044EBA8 /* Extensions */ = {
			isa = PBXGroup;
			children = (
				8DCE0CC3235C6E220044EBA8 /* UIViewConstraints.swift */,
				76C07EED23683CBA00D59DF6 /* UIColorExtension.swift */,
			);
			path = Extensions;
			sourceTree = "<group>";
		};
		8DCE0CC5235F39930044EBA8 /* Components */ = {
			isa = PBXGroup;
			children = (
				8DCE0CC6235F399D0044EBA8 /* Toast.swift */,
				76C07EE92366341800D59DF6 /* ContentStatus.swift */,
				76C07EE62360D81900D59DF6 /* Pin */,
			);
			path = Components;
			sourceTree = "<group>";
		};
		A058C01AEC9ECD7428ABA596 /* Frameworks */ = {
			isa = PBXGroup;
			children = (
				4AF99C18F735E177CADFEB42 /* Pods_RevoUIComponents.framework */,
				9361B93501F2F40365BA4957 /* Pods_RevoUIComponentsTests.framework */,
			);
			name = Frameworks;
			sourceTree = "<group>";
		};
		B52620FBF8201D6AFC1EFEDD /* Pods */ = {
			isa = PBXGroup;
			children = (
				E2DC0D9AE9E5E3E488C9A3D2 /* Pods-RevoUIComponents.debug.xcconfig */,
				540B36196511EEB9EAC42238 /* Pods-RevoUIComponents.release.xcconfig */,
				D577B97B44A8C400B4E69387 /* Pods-RevoUIComponentsTests.debug.xcconfig */,
				C51659EAE901648BDB812980 /* Pods-RevoUIComponentsTests.release.xcconfig */,
			);
			path = Pods;
			sourceTree = "<group>";
		};
/* End PBXGroup section */

/* Begin PBXNativeTarget section */
		8D9F0D6B2358C39D009CF3D2 /* RevoUIComponents */ = {
			isa = PBXNativeTarget;
			buildConfigurationList = 8D9F0D8B2358C3A0009CF3D2 /* Build configuration list for PBXNativeTarget "RevoUIComponents" */;
			buildPhases = (
				5F01A38D109A6E48BE20D27F /* [CP] Check Pods Manifest.lock */,
				8D9F0D682358C39D009CF3D2 /* Sources */,
				8D9F0D692358C39D009CF3D2 /* Frameworks */,
				8D9F0D6A2358C39D009CF3D2 /* Resources */,
				B8F41158A08A5E71B9F89A5E /* [CP] Embed Pods Frameworks */,
			);
			buildRules = (
			);
			dependencies = (
			);
			name = RevoUIComponents;
			productName = RevoUIComponents;
			productReference = 8D9F0D6C2358C39D009CF3D2 /* RevoUIComponents.app */;
			productType = "com.apple.product-type.application";
		};
		8D9F0D812358C3A0009CF3D2 /* RevoUIComponentsTests */ = {
			isa = PBXNativeTarget;
			buildConfigurationList = 8D9F0D8E2358C3A0009CF3D2 /* Build configuration list for PBXNativeTarget "RevoUIComponentsTests" */;
			buildPhases = (
				A3D0CBBBDD8AF63379143ECA /* [CP] Check Pods Manifest.lock */,
				8D9F0D7E2358C3A0009CF3D2 /* Sources */,
				8D9F0D7F2358C3A0009CF3D2 /* Frameworks */,
				8D9F0D802358C3A0009CF3D2 /* Resources */,
			);
			buildRules = (
			);
			dependencies = (
				8D9F0D842358C3A0009CF3D2 /* PBXTargetDependency */,
			);
			name = RevoUIComponentsTests;
			productName = RevoUIComponentsTests;
			productReference = 8D9F0D822358C3A0009CF3D2 /* RevoUIComponentsTests.xctest */;
			productType = "com.apple.product-type.bundle.unit-test";
		};
/* End PBXNativeTarget section */

/* Begin PBXProject section */
		8D9F0D642358C39D009CF3D2 /* Project object */ = {
			isa = PBXProject;
			attributes = {
				LastSwiftUpdateCheck = 1100;
				LastUpgradeCheck = 1100;
				ORGANIZATIONNAME = "Revo Systems";
				TargetAttributes = {
					8D9F0D6B2358C39D009CF3D2 = {
						CreatedOnToolsVersion = 11.0;
					};
					8D9F0D812358C3A0009CF3D2 = {
						CreatedOnToolsVersion = 11.0;
						TestTargetID = 8D9F0D6B2358C39D009CF3D2;
					};
				};
			};
			buildConfigurationList = 8D9F0D672358C39D009CF3D2 /* Build configuration list for PBXProject "RevoUIComponents" */;
			compatibilityVersion = "Xcode 9.3";
			developmentRegion = en;
			hasScannedForEncodings = 0;
			knownRegions = (
				en,
				Base,
			);
			mainGroup = 8D9F0D632358C39D009CF3D2;
			productRefGroup = 8D9F0D6D2358C39D009CF3D2 /* Products */;
			projectDirPath = "";
			projectRoot = "";
			targets = (
				8D9F0D6B2358C39D009CF3D2 /* RevoUIComponents */,
				8D9F0D812358C3A0009CF3D2 /* RevoUIComponentsTests */,
			);
		};
/* End PBXProject section */

/* Begin PBXResourcesBuildPhase section */
		8D9F0D6A2358C39D009CF3D2 /* Resources */ = {
			isa = PBXResourcesBuildPhase;
			buildActionMask = 2147483647;
			files = (
				8D9F0D7C2358C3A0009CF3D2 /* LaunchScreen.storyboard in Resources */,
				8D9F0D792358C3A0009CF3D2 /* Assets.xcassets in Resources */,
				8D9F0D772358C39D009CF3D2 /* Main.storyboard in Resources */,
			);
			runOnlyForDeploymentPostprocessing = 0;
		};
		8D9F0D802358C3A0009CF3D2 /* Resources */ = {
			isa = PBXResourcesBuildPhase;
			buildActionMask = 2147483647;
			files = (
			);
			runOnlyForDeploymentPostprocessing = 0;
		};
/* End PBXResourcesBuildPhase section */

/* Begin PBXShellScriptBuildPhase section */
		5F01A38D109A6E48BE20D27F /* [CP] Check Pods Manifest.lock */ = {
			isa = PBXShellScriptBuildPhase;
			buildActionMask = 2147483647;
			files = (
			);
			inputFileListPaths = (
			);
			inputPaths = (
				"${PODS_PODFILE_DIR_PATH}/Podfile.lock",
				"${PODS_ROOT}/Manifest.lock",
			);
			name = "[CP] Check Pods Manifest.lock";
			outputFileListPaths = (
			);
			outputPaths = (
				"$(DERIVED_FILE_DIR)/Pods-RevoUIComponents-checkManifestLockResult.txt",
			);
			runOnlyForDeploymentPostprocessing = 0;
			shellPath = /bin/sh;
			shellScript = "diff \"${PODS_PODFILE_DIR_PATH}/Podfile.lock\" \"${PODS_ROOT}/Manifest.lock\" > /dev/null\nif [ $? != 0 ] ; then\n    # print error to STDERR\n    echo \"error: The sandbox is not in sync with the Podfile.lock. Run 'pod install' or update your CocoaPods installation.\" >&2\n    exit 1\nfi\n# This output is used by Xcode 'outputs' to avoid re-running this script phase.\necho \"SUCCESS\" > \"${SCRIPT_OUTPUT_FILE_0}\"\n";
			showEnvVarsInLog = 0;
		};
		A3D0CBBBDD8AF63379143ECA /* [CP] Check Pods Manifest.lock */ = {
			isa = PBXShellScriptBuildPhase;
			buildActionMask = 2147483647;
			files = (
			);
			inputFileListPaths = (
			);
			inputPaths = (
				"${PODS_PODFILE_DIR_PATH}/Podfile.lock",
				"${PODS_ROOT}/Manifest.lock",
			);
			name = "[CP] Check Pods Manifest.lock";
			outputFileListPaths = (
			);
			outputPaths = (
				"$(DERIVED_FILE_DIR)/Pods-RevoUIComponentsTests-checkManifestLockResult.txt",
			);
			runOnlyForDeploymentPostprocessing = 0;
			shellPath = /bin/sh;
			shellScript = "diff \"${PODS_PODFILE_DIR_PATH}/Podfile.lock\" \"${PODS_ROOT}/Manifest.lock\" > /dev/null\nif [ $? != 0 ] ; then\n    # print error to STDERR\n    echo \"error: The sandbox is not in sync with the Podfile.lock. Run 'pod install' or update your CocoaPods installation.\" >&2\n    exit 1\nfi\n# This output is used by Xcode 'outputs' to avoid re-running this script phase.\necho \"SUCCESS\" > \"${SCRIPT_OUTPUT_FILE_0}\"\n";
			showEnvVarsInLog = 0;
		};
		B8F41158A08A5E71B9F89A5E /* [CP] Embed Pods Frameworks */ = {
			isa = PBXShellScriptBuildPhase;
			buildActionMask = 2147483647;
			files = (
			);
			inputFileListPaths = (
				"${PODS_ROOT}/Target Support Files/Pods-RevoUIComponents/Pods-RevoUIComponents-frameworks-${CONFIGURATION}-input-files.xcfilelist",
			);
			name = "[CP] Embed Pods Frameworks";
			outputFileListPaths = (
				"${PODS_ROOT}/Target Support Files/Pods-RevoUIComponents/Pods-RevoUIComponents-frameworks-${CONFIGURATION}-output-files.xcfilelist",
			);
			runOnlyForDeploymentPostprocessing = 0;
			shellPath = /bin/sh;
			shellScript = "\"${PODS_ROOT}/Target Support Files/Pods-RevoUIComponents/Pods-RevoUIComponents-frameworks.sh\"\n";
			showEnvVarsInLog = 0;
		};
/* End PBXShellScriptBuildPhase section */

/* Begin PBXSourcesBuildPhase section */
		8D9F0D682358C39D009CF3D2 /* Sources */ = {
			isa = PBXSourcesBuildPhase;
			buildActionMask = 2147483647;
			files = (
				8D9F0D952358C4F5009CF3D2 /* CircularProgress.swift in Sources */,
				8DCE0CC7235F399D0044EBA8 /* Toast.swift in Sources */,
				8D9F0D742358C39D009CF3D2 /* ViewController.swift in Sources */,
				8D9F0D992358D6AC009CF3D2 /* PinViewController.swift in Sources */,
				8D9F0D702358C39D009CF3D2 /* AppDelegate.swift in Sources */,
				76C07EEA2366341800D59DF6 /* ContentStatus.swift in Sources */,
				76C07EE82360D82B00D59DF6 /* PinView.swift in Sources */,
				8D9F0D932358C3BA009CF3D2 /* AsyncButton.swift in Sources */,
				76C07EEE23683CBA00D59DF6 /* UIColorExtension.swift in Sources */,
				8D9F0D722358C39D009CF3D2 /* SceneDelegate.swift in Sources */,
				8DCE0CC4235C6E220044EBA8 /* UIViewConstraints.swift in Sources */,
			);
			runOnlyForDeploymentPostprocessing = 0;
		};
		8D9F0D7E2358C3A0009CF3D2 /* Sources */ = {
			isa = PBXSourcesBuildPhase;
			buildActionMask = 2147483647;
			files = (
				8D9F0D872358C3A0009CF3D2 /* RevoUIComponentsTests.swift in Sources */,
			);
			runOnlyForDeploymentPostprocessing = 0;
		};
/* End PBXSourcesBuildPhase section */

/* Begin PBXTargetDependency section */
		8D9F0D842358C3A0009CF3D2 /* PBXTargetDependency */ = {
			isa = PBXTargetDependency;
			target = 8D9F0D6B2358C39D009CF3D2 /* RevoUIComponents */;
			targetProxy = 8D9F0D832358C3A0009CF3D2 /* PBXContainerItemProxy */;
		};
/* End PBXTargetDependency section */

/* Begin PBXVariantGroup section */
		8D9F0D752358C39D009CF3D2 /* Main.storyboard */ = {
			isa = PBXVariantGroup;
			children = (
				8D9F0D762358C39D009CF3D2 /* Base */,
			);
			name = Main.storyboard;
			sourceTree = "<group>";
		};
		8D9F0D7A2358C3A0009CF3D2 /* LaunchScreen.storyboard */ = {
			isa = PBXVariantGroup;
			children = (
				8D9F0D7B2358C3A0009CF3D2 /* Base */,
			);
			name = LaunchScreen.storyboard;
			sourceTree = "<group>";
		};
/* End PBXVariantGroup section */

/* Begin XCBuildConfiguration section */
		8D9F0D892358C3A0009CF3D2 /* Debug */ = {
			isa = XCBuildConfiguration;
			buildSettings = {
				ALWAYS_SEARCH_USER_PATHS = NO;
				CLANG_ANALYZER_NONNULL = YES;
				CLANG_ANALYZER_NUMBER_OBJECT_CONVERSION = YES_AGGRESSIVE;
				CLANG_CXX_LANGUAGE_STANDARD = "gnu++14";
				CLANG_CXX_LIBRARY = "libc++";
				CLANG_ENABLE_MODULES = YES;
				CLANG_ENABLE_OBJC_ARC = YES;
				CLANG_ENABLE_OBJC_WEAK = YES;
				CLANG_WARN_BLOCK_CAPTURE_AUTORELEASING = YES;
				CLANG_WARN_BOOL_CONVERSION = YES;
				CLANG_WARN_COMMA = YES;
				CLANG_WARN_CONSTANT_CONVERSION = YES;
				CLANG_WARN_DEPRECATED_OBJC_IMPLEMENTATIONS = YES;
				CLANG_WARN_DIRECT_OBJC_ISA_USAGE = YES_ERROR;
				CLANG_WARN_DOCUMENTATION_COMMENTS = YES;
				CLANG_WARN_EMPTY_BODY = YES;
				CLANG_WARN_ENUM_CONVERSION = YES;
				CLANG_WARN_INFINITE_RECURSION = YES;
				CLANG_WARN_INT_CONVERSION = YES;
				CLANG_WARN_NON_LITERAL_NULL_CONVERSION = YES;
				CLANG_WARN_OBJC_IMPLICIT_RETAIN_SELF = YES;
				CLANG_WARN_OBJC_LITERAL_CONVERSION = YES;
				CLANG_WARN_OBJC_ROOT_CLASS = YES_ERROR;
				CLANG_WARN_RANGE_LOOP_ANALYSIS = YES;
				CLANG_WARN_STRICT_PROTOTYPES = YES;
				CLANG_WARN_SUSPICIOUS_MOVE = YES;
				CLANG_WARN_UNGUARDED_AVAILABILITY = YES_AGGRESSIVE;
				CLANG_WARN_UNREACHABLE_CODE = YES;
				CLANG_WARN__DUPLICATE_METHOD_MATCH = YES;
				COPY_PHASE_STRIP = NO;
				DEBUG_INFORMATION_FORMAT = dwarf;
				ENABLE_STRICT_OBJC_MSGSEND = YES;
				ENABLE_TESTABILITY = YES;
				GCC_C_LANGUAGE_STANDARD = gnu11;
				GCC_DYNAMIC_NO_PIC = NO;
				GCC_NO_COMMON_BLOCKS = YES;
				GCC_OPTIMIZATION_LEVEL = 0;
				GCC_PREPROCESSOR_DEFINITIONS = (
					"DEBUG=1",
					"$(inherited)",
				);
				GCC_WARN_64_TO_32_BIT_CONVERSION = YES;
				GCC_WARN_ABOUT_RETURN_TYPE = YES_ERROR;
				GCC_WARN_UNDECLARED_SELECTOR = YES;
				GCC_WARN_UNINITIALIZED_AUTOS = YES_AGGRESSIVE;
				GCC_WARN_UNUSED_FUNCTION = YES;
				GCC_WARN_UNUSED_VARIABLE = YES;
				IPHONEOS_DEPLOYMENT_TARGET = 13.0;
				MTL_ENABLE_DEBUG_INFO = INCLUDE_SOURCE;
				MTL_FAST_MATH = YES;
				ONLY_ACTIVE_ARCH = YES;
				SDKROOT = iphoneos;
				SWIFT_ACTIVE_COMPILATION_CONDITIONS = DEBUG;
				SWIFT_OPTIMIZATION_LEVEL = "-Onone";
			};
			name = Debug;
		};
		8D9F0D8A2358C3A0009CF3D2 /* Release */ = {
			isa = XCBuildConfiguration;
			buildSettings = {
				ALWAYS_SEARCH_USER_PATHS = NO;
				CLANG_ANALYZER_NONNULL = YES;
				CLANG_ANALYZER_NUMBER_OBJECT_CONVERSION = YES_AGGRESSIVE;
				CLANG_CXX_LANGUAGE_STANDARD = "gnu++14";
				CLANG_CXX_LIBRARY = "libc++";
				CLANG_ENABLE_MODULES = YES;
				CLANG_ENABLE_OBJC_ARC = YES;
				CLANG_ENABLE_OBJC_WEAK = YES;
				CLANG_WARN_BLOCK_CAPTURE_AUTORELEASING = YES;
				CLANG_WARN_BOOL_CONVERSION = YES;
				CLANG_WARN_COMMA = YES;
				CLANG_WARN_CONSTANT_CONVERSION = YES;
				CLANG_WARN_DEPRECATED_OBJC_IMPLEMENTATIONS = YES;
				CLANG_WARN_DIRECT_OBJC_ISA_USAGE = YES_ERROR;
				CLANG_WARN_DOCUMENTATION_COMMENTS = YES;
				CLANG_WARN_EMPTY_BODY = YES;
				CLANG_WARN_ENUM_CONVERSION = YES;
				CLANG_WARN_INFINITE_RECURSION = YES;
				CLANG_WARN_INT_CONVERSION = YES;
				CLANG_WARN_NON_LITERAL_NULL_CONVERSION = YES;
				CLANG_WARN_OBJC_IMPLICIT_RETAIN_SELF = YES;
				CLANG_WARN_OBJC_LITERAL_CONVERSION = YES;
				CLANG_WARN_OBJC_ROOT_CLASS = YES_ERROR;
				CLANG_WARN_RANGE_LOOP_ANALYSIS = YES;
				CLANG_WARN_STRICT_PROTOTYPES = YES;
				CLANG_WARN_SUSPICIOUS_MOVE = YES;
				CLANG_WARN_UNGUARDED_AVAILABILITY = YES_AGGRESSIVE;
				CLANG_WARN_UNREACHABLE_CODE = YES;
				CLANG_WARN__DUPLICATE_METHOD_MATCH = YES;
				COPY_PHASE_STRIP = NO;
				DEBUG_INFORMATION_FORMAT = "dwarf-with-dsym";
				ENABLE_NS_ASSERTIONS = NO;
				ENABLE_STRICT_OBJC_MSGSEND = YES;
				GCC_C_LANGUAGE_STANDARD = gnu11;
				GCC_NO_COMMON_BLOCKS = YES;
				GCC_WARN_64_TO_32_BIT_CONVERSION = YES;
				GCC_WARN_ABOUT_RETURN_TYPE = YES_ERROR;
				GCC_WARN_UNDECLARED_SELECTOR = YES;
				GCC_WARN_UNINITIALIZED_AUTOS = YES_AGGRESSIVE;
				GCC_WARN_UNUSED_FUNCTION = YES;
				GCC_WARN_UNUSED_VARIABLE = YES;
				IPHONEOS_DEPLOYMENT_TARGET = 13.0;
				MTL_ENABLE_DEBUG_INFO = NO;
				MTL_FAST_MATH = YES;
				SDKROOT = iphoneos;
				SWIFT_COMPILATION_MODE = wholemodule;
				SWIFT_OPTIMIZATION_LEVEL = "-O";
				VALIDATE_PRODUCT = YES;
			};
			name = Release;
		};
		8D9F0D8C2358C3A0009CF3D2 /* Debug */ = {
			isa = XCBuildConfiguration;
			baseConfigurationReference = E2DC0D9AE9E5E3E488C9A3D2 /* Pods-RevoUIComponents.debug.xcconfig */;
			buildSettings = {
				ASSETCATALOG_COMPILER_APPICON_NAME = AppIcon;
				CODE_SIGN_STYLE = Automatic;
				DEVELOPMENT_TEAM = F2VSE3YKKD;
				INFOPLIST_FILE = RevoUIComponents/Info.plist;
				LD_RUNPATH_SEARCH_PATHS = (
					"$(inherited)",
					"@executable_path/Frameworks",
				);
				PRODUCT_BUNDLE_IDENTIFIER = works.revo.RevoUIComponents;
				PRODUCT_NAME = "$(TARGET_NAME)";
				SWIFT_VERSION = 5.0;
				TARGETED_DEVICE_FAMILY = "1,2";
			};
			name = Debug;
		};
		8D9F0D8D2358C3A0009CF3D2 /* Release */ = {
			isa = XCBuildConfiguration;
			baseConfigurationReference = 540B36196511EEB9EAC42238 /* Pods-RevoUIComponents.release.xcconfig */;
			buildSettings = {
				ASSETCATALOG_COMPILER_APPICON_NAME = AppIcon;
				CODE_SIGN_STYLE = Automatic;
				DEVELOPMENT_TEAM = F2VSE3YKKD;
				INFOPLIST_FILE = RevoUIComponents/Info.plist;
				LD_RUNPATH_SEARCH_PATHS = (
					"$(inherited)",
					"@executable_path/Frameworks",
				);
				PRODUCT_BUNDLE_IDENTIFIER = works.revo.RevoUIComponents;
				PRODUCT_NAME = "$(TARGET_NAME)";
				SWIFT_VERSION = 5.0;
				TARGETED_DEVICE_FAMILY = "1,2";
			};
			name = Release;
		};
		8D9F0D8F2358C3A0009CF3D2 /* Debug */ = {
			isa = XCBuildConfiguration;
			baseConfigurationReference = D577B97B44A8C400B4E69387 /* Pods-RevoUIComponentsTests.debug.xcconfig */;
			buildSettings = {
				ALWAYS_EMBED_SWIFT_STANDARD_LIBRARIES = YES;
				BUNDLE_LOADER = "$(TEST_HOST)";
				CODE_SIGN_STYLE = Automatic;
				DEVELOPMENT_TEAM = F2VSE3YKKD;
				INFOPLIST_FILE = RevoUIComponentsTests/Info.plist;
				IPHONEOS_DEPLOYMENT_TARGET = 13.0;
				LD_RUNPATH_SEARCH_PATHS = (
					"$(inherited)",
					"@executable_path/Frameworks",
					"@loader_path/Frameworks",
				);
				PRODUCT_BUNDLE_IDENTIFIER = works.revo.RevoUIComponentsTests;
				PRODUCT_NAME = "$(TARGET_NAME)";
				SWIFT_VERSION = 5.0;
				TARGETED_DEVICE_FAMILY = "1,2";
				TEST_HOST = "$(BUILT_PRODUCTS_DIR)/RevoUIComponents.app/RevoUIComponents";
			};
			name = Debug;
		};
		8D9F0D902358C3A0009CF3D2 /* Release */ = {
			isa = XCBuildConfiguration;
			baseConfigurationReference = C51659EAE901648BDB812980 /* Pods-RevoUIComponentsTests.release.xcconfig */;
			buildSettings = {
				ALWAYS_EMBED_SWIFT_STANDARD_LIBRARIES = YES;
				BUNDLE_LOADER = "$(TEST_HOST)";
				CODE_SIGN_STYLE = Automatic;
				DEVELOPMENT_TEAM = F2VSE3YKKD;
				INFOPLIST_FILE = RevoUIComponentsTests/Info.plist;
				IPHONEOS_DEPLOYMENT_TARGET = 13.0;
				LD_RUNPATH_SEARCH_PATHS = (
					"$(inherited)",
					"@executable_path/Frameworks",
					"@loader_path/Frameworks",
				);
				PRODUCT_BUNDLE_IDENTIFIER = works.revo.RevoUIComponentsTests;
				PRODUCT_NAME = "$(TARGET_NAME)";
				SWIFT_VERSION = 5.0;
				TARGETED_DEVICE_FAMILY = "1,2";
				TEST_HOST = "$(BUILT_PRODUCTS_DIR)/RevoUIComponents.app/RevoUIComponents";
			};
			name = Release;
		};
/* End XCBuildConfiguration section */

/* Begin XCConfigurationList section */
		8D9F0D672358C39D009CF3D2 /* Build configuration list for PBXProject "RevoUIComponents" */ = {
			isa = XCConfigurationList;
			buildConfigurations = (
				8D9F0D892358C3A0009CF3D2 /* Debug */,
				8D9F0D8A2358C3A0009CF3D2 /* Release */,
			);
			defaultConfigurationIsVisible = 0;
			defaultConfigurationName = Release;
		};
		8D9F0D8B2358C3A0009CF3D2 /* Build configuration list for PBXNativeTarget "RevoUIComponents" */ = {
			isa = XCConfigurationList;
			buildConfigurations = (
				8D9F0D8C2358C3A0009CF3D2 /* Debug */,
				8D9F0D8D2358C3A0009CF3D2 /* Release */,
			);
			defaultConfigurationIsVisible = 0;
			defaultConfigurationName = Release;
		};
		8D9F0D8E2358C3A0009CF3D2 /* Build configuration list for PBXNativeTarget "RevoUIComponentsTests" */ = {
			isa = XCConfigurationList;
			buildConfigurations = (
				8D9F0D8F2358C3A0009CF3D2 /* Debug */,
				8D9F0D902358C3A0009CF3D2 /* Release */,
			);
			defaultConfigurationIsVisible = 0;
			defaultConfigurationName = Release;
		};
/* End XCConfigurationList section */
	};
	rootObject = 8D9F0D642358C39D009CF3D2 /* Project object */;
}
